<?xml version="1.0" encoding="UTF-8"?>
<!DOCTYPE plist PUBLIC "-//Apple//DTD PLIST 1.0//EN" "http://www.apple.com/DTDs/PropertyList-1.0.dtd">
<plist version="1.0">
<dict>
	<key>archiveVersion</key>
	<string>1</string>
	<key>classes</key>
	<dict/>
	<key>objectVersion</key>
	<string>46</string>
	<key>objects</key>
	<dict>
		<key>1E7A838B333475F49F773C10</key>
		<dict>
			<key>fileRef</key>
			<string>6AAB71C2E761477FD2BBE96E</string>
			<key>isa</key>
			<string>PBXBuildFile</string>
		</dict>
		<key>2BFD3C8C49E96C09F7FFD666</key>
		<dict>
			<key>buildActionMask</key>
			<string>2147483647</string>
			<key>files</key>
			<array/>
			<key>inputPaths</key>
			<array/>
			<key>isa</key>
			<string>PBXShellScriptBuildPhase</string>
			<key>name</key>
			<string>Copy Pods Resources</string>
			<key>outputPaths</key>
			<array/>
			<key>runOnlyForDeploymentPostprocessing</key>
			<string>0</string>
			<key>shellPath</key>
			<string>/bin/sh</string>
			<key>shellScript</key>
			<string>"${SRCROOT}/Pods/Target Support Files/Pods/Pods-resources.sh"
</string>
			<key>showEnvVarsInLog</key>
			<string>0</string>
		</dict>
		<key>4D3A9B4F771A6EBAF3667C82</key>
		<dict>
			<key>children</key>
			<array>
				<string>6756F3D22607CA67D9CDEF16</string>
				<string>5E1D5D3844F67151144694E3</string>
			</array>
			<key>isa</key>
			<string>PBXGroup</string>
			<key>name</key>
			<string>Pods</string>
			<key>sourceTree</key>
			<string>&lt;group&gt;</string>
		</dict>
		<key>4E0A9FCE1A1E86A00046B440</key>
		<dict>
			<key>fileEncoding</key>
			<string>4</string>
			<key>isa</key>
			<string>PBXFileReference</string>
			<key>lastKnownFileType</key>
			<string>sourcecode.c.h</string>
			<key>path</key>
			<string>Action.h</string>
			<key>sourceTree</key>
			<string>&lt;group&gt;</string>
		</dict>
		<key>4E0A9FCF1A1E86A00046B440</key>
		<dict>
			<key>fileEncoding</key>
			<string>4</string>
			<key>isa</key>
			<string>PBXFileReference</string>
			<key>lastKnownFileType</key>
			<string>sourcecode.c.objc</string>
			<key>path</key>
			<string>Action.m</string>
			<key>sourceTree</key>
			<string>&lt;group&gt;</string>
		</dict>
		<key>4E0A9FD01A1E86A00046B440</key>
		<dict>
			<key>fileRef</key>
			<string>4E0A9FCF1A1E86A00046B440</string>
			<key>isa</key>
			<string>PBXBuildFile</string>
		</dict>
		<key>4EBE94111A1D49EA008E6F21</key>
		<dict>
			<key>fileEncoding</key>
			<string>4</string>
			<key>isa</key>
			<string>PBXFileReference</string>
			<key>lastKnownFileType</key>
			<string>sourcecode.c.h</string>
			<key>path</key>
			<string>User.h</string>
			<key>sourceTree</key>
			<string>&lt;group&gt;</string>
		</dict>
		<key>4EBE94121A1D49EA008E6F21</key>
		<dict>
			<key>fileEncoding</key>
			<string>4</string>
			<key>isa</key>
			<string>PBXFileReference</string>
			<key>lastKnownFileType</key>
			<string>sourcecode.c.objc</string>
			<key>path</key>
			<string>User.m</string>
			<key>sourceTree</key>
			<string>&lt;group&gt;</string>
		</dict>
		<key>4EBE94131A1D49EA008E6F21</key>
		<dict>
			<key>fileRef</key>
			<string>4EBE94121A1D49EA008E6F21</string>
			<key>isa</key>
			<string>PBXBuildFile</string>
		</dict>
		<key>4EBE94141A1D4C90008E6F21</key>
		<dict>
			<key>fileEncoding</key>
			<string>4</string>
			<key>isa</key>
			<string>PBXFileReference</string>
			<key>lastKnownFileType</key>
			<string>sourcecode.c.h</string>
			<key>path</key>
			<string>SideMenuController.h</string>
			<key>sourceTree</key>
			<string>&lt;group&gt;</string>
		</dict>
		<key>4EBE94151A1D4C90008E6F21</key>
		<dict>
			<key>fileEncoding</key>
			<string>4</string>
			<key>isa</key>
			<string>PBXFileReference</string>
			<key>lastKnownFileType</key>
			<string>sourcecode.c.objc</string>
			<key>path</key>
			<string>SideMenuController.m</string>
			<key>sourceTree</key>
			<string>&lt;group&gt;</string>
		</dict>
		<key>4EBE94161A1D4C90008E6F21</key>
		<dict>
			<key>fileEncoding</key>
			<string>4</string>
			<key>isa</key>
			<string>PBXFileReference</string>
			<key>lastKnownFileType</key>
			<string>file.xib</string>
			<key>path</key>
			<string>SideMenuController.xib</string>
			<key>sourceTree</key>
			<string>&lt;group&gt;</string>
		</dict>
		<key>4EBE94171A1D4C90008E6F21</key>
		<dict>
			<key>fileRef</key>
			<string>4EBE94151A1D4C90008E6F21</string>
			<key>isa</key>
			<string>PBXBuildFile</string>
		</dict>
		<key>4EBE94181A1D4C90008E6F21</key>
		<dict>
			<key>fileRef</key>
			<string>4EBE94161A1D4C90008E6F21</string>
			<key>isa</key>
			<string>PBXBuildFile</string>
		</dict>
		<key>4EBE941E1A1D5BDE008E6F21</key>
		<dict>
			<key>fileEncoding</key>
			<string>4</string>
			<key>isa</key>
			<string>PBXFileReference</string>
			<key>lastKnownFileType</key>
			<string>sourcecode.c.h</string>
			<key>path</key>
			<string>PlantController.h</string>
			<key>sourceTree</key>
			<string>&lt;group&gt;</string>
		</dict>
		<key>4EBE941F1A1D5BDE008E6F21</key>
		<dict>
			<key>fileEncoding</key>
			<string>4</string>
			<key>isa</key>
			<string>PBXFileReference</string>
			<key>lastKnownFileType</key>
			<string>sourcecode.c.objc</string>
			<key>path</key>
			<string>PlantController.m</string>
			<key>sourceTree</key>
			<string>&lt;group&gt;</string>
		</dict>
		<key>4EBE94201A1D5BDE008E6F21</key>
		<dict>
			<key>fileEncoding</key>
			<string>4</string>
			<key>isa</key>
			<string>PBXFileReference</string>
			<key>lastKnownFileType</key>
			<string>file.xib</string>
			<key>path</key>
			<string>PlantController.xib</string>
			<key>sourceTree</key>
			<string>&lt;group&gt;</string>
		</dict>
		<key>4EBE94211A1D5BDE008E6F21</key>
		<dict>
			<key>fileRef</key>
			<string>4EBE941F1A1D5BDE008E6F21</string>
			<key>isa</key>
			<string>PBXBuildFile</string>
		</dict>
		<key>4EBE94221A1D5BDE008E6F21</key>
		<dict>
			<key>fileRef</key>
			<string>4EBE94201A1D5BDE008E6F21</string>
			<key>isa</key>
			<string>PBXBuildFile</string>
		</dict>
		<key>4EC23AAA1A1974F4001F0F48</key>
		<dict>
			<key>children</key>
			<array>
				<string>4EC23ADC1A19764E001F0F48</string>
				<string>4EC23AB51A1974F5001F0F48</string>
				<string>4EC23ACF1A1974F5001F0F48</string>
				<string>4EC23AB41A1974F5001F0F48</string>
				<string>4D3A9B4F771A6EBAF3667C82</string>
				<string>5319033A95AF4CC378E65447</string>
			</array>
			<key>isa</key>
			<string>PBXGroup</string>
			<key>sourceTree</key>
			<string>&lt;group&gt;</string>
		</dict>
		<key>4EC23AAB1A1974F4001F0F48</key>
		<dict>
			<key>attributes</key>
			<dict>
				<key>LastUpgradeCheck</key>
				<string>0610</string>
				<key>ORGANIZATIONNAME</key>
				<string>Drop</string>
				<key>TargetAttributes</key>
				<dict>
					<key>4EC23AB21A1974F5001F0F48</key>
					<dict>
						<key>CreatedOnToolsVersion</key>
						<string>6.1</string>
					</dict>
					<key>4EC23ACB1A1974F5001F0F48</key>
					<dict>
						<key>CreatedOnToolsVersion</key>
						<string>6.1</string>
						<key>TestTargetID</key>
						<string>4EC23AB21A1974F5001F0F48</string>
					</dict>
				</dict>
			</dict>
			<key>buildConfigurationList</key>
			<string>4EC23AAE1A1974F4001F0F48</string>
			<key>compatibilityVersion</key>
			<string>Xcode 3.2</string>
			<key>developmentRegion</key>
			<string>English</string>
			<key>hasScannedForEncodings</key>
			<string>0</string>
			<key>isa</key>
			<string>PBXProject</string>
			<key>knownRegions</key>
			<array>
				<string>en</string>
				<string>Base</string>
			</array>
			<key>mainGroup</key>
			<string>4EC23AAA1A1974F4001F0F48</string>
			<key>productRefGroup</key>
			<string>4EC23AB41A1974F5001F0F48</string>
			<key>projectDirPath</key>
			<string></string>
			<key>projectReferences</key>
			<array/>
			<key>projectRoot</key>
			<string></string>
			<key>targets</key>
			<array>
				<string>4EC23AB21A1974F5001F0F48</string>
				<string>4EC23ACB1A1974F5001F0F48</string>
			</array>
		</dict>
		<key>4EC23AAE1A1974F4001F0F48</key>
		<dict>
			<key>buildConfigurations</key>
			<array>
				<string>4EC23AD41A1974F5001F0F48</string>
				<string>4EC23AD51A1974F5001F0F48</string>
			</array>
			<key>defaultConfigurationIsVisible</key>
			<string>0</string>
			<key>defaultConfigurationName</key>
			<string>Release</string>
			<key>isa</key>
			<string>XCConfigurationList</string>
		</dict>
		<key>4EC23AAF1A1974F5001F0F48</key>
		<dict>
			<key>buildActionMask</key>
			<string>2147483647</string>
			<key>files</key>
			<array>
				<string>4E0A9FD01A1E86A00046B440</string>
				<string>4EFCA3481A22C77A00CA7663</string>
				<string>4EFCA3571A2666C900CA7663</string>
				<string>4EFCA36D1A2BFD8100CA7663</string>
				<string>4EFCA3661A2BD95300CA7663</string>
				<string>4EBE94131A1D49EA008E6F21</string>
				<string>4EFCA36A1A2BFB8700CA7663</string>
				<string>4EFCA3611A2AB64900CA7663</string>
				<string>4EFCA3711A2C215A00CA7663</string>
				<string>4EC23AE11A197C0A001F0F48</string>
				<string>4EC23ABC1A1974F5001F0F48</string>
				<string>4EFCA34D1A264F0200CA7663</string>
				<string>4EC23AB91A1974F5001F0F48</string>
				<string>4EBE94171A1D4C90008E6F21</string>
				<string>4EBE94211A1D5BDE008E6F21</string>
			</array>
			<key>isa</key>
			<string>PBXSourcesBuildPhase</string>
			<key>runOnlyForDeploymentPostprocessing</key>
			<string>0</string>
		</dict>
		<key>4EC23AB01A1974F5001F0F48</key>
		<dict>
			<key>buildActionMask</key>
			<string>2147483647</string>
			<key>files</key>
			<array>
				<string>1E7A838B333475F49F773C10</string>
			</array>
			<key>isa</key>
			<string>PBXFrameworksBuildPhase</string>
			<key>runOnlyForDeploymentPostprocessing</key>
			<string>0</string>
		</dict>
		<key>4EC23AB11A1974F5001F0F48</key>
		<dict>
			<key>buildActionMask</key>
			<string>2147483647</string>
			<key>files</key>
			<array>
				<string>4EFCA3721A2C215A00CA7663</string>
				<string>4EFCA3581A2666C900CA7663</string>
				<string>4EBE94181A1D4C90008E6F21</string>
				<string>4EFCA3491A22C77A00CA7663</string>
				<string>4EBE94221A1D5BDE008E6F21</string>
				<string>4EC23AC41A1974F5001F0F48</string>
				<string>4EFCA34E1A264F0200CA7663</string>
				<string>4EC23AE21A197C0A001F0F48</string>
				<string>4EFCA3671A2BD95300CA7663</string>
				<string>4EFCA3621A2AB64900CA7663</string>
				<string>4EC23ADD1A19764E001F0F48</string>
			</array>
			<key>isa</key>
			<string>PBXResourcesBuildPhase</string>
			<key>runOnlyForDeploymentPostprocessing</key>
			<string>0</string>
		</dict>
		<key>4EC23AB21A1974F5001F0F48</key>
		<dict>
			<key>buildConfigurationList</key>
			<string>4EC23AD61A1974F5001F0F48</string>
			<key>buildPhases</key>
			<array>
				<string>EAA0F9C11D2816E2D150B7F4</string>
				<string>4EC23AAF1A1974F5001F0F48</string>
				<string>4EC23AB01A1974F5001F0F48</string>
				<string>4EC23AB11A1974F5001F0F48</string>
				<string>2BFD3C8C49E96C09F7FFD666</string>
			</array>
			<key>buildRules</key>
			<array/>
			<key>dependencies</key>
			<array/>
			<key>isa</key>
			<string>PBXNativeTarget</string>
			<key>name</key>
			<string>dropApp</string>
			<key>productName</key>
			<string>dropApp</string>
			<key>productReference</key>
			<string>4EC23AB31A1974F5001F0F48</string>
			<key>productType</key>
			<string>com.apple.product-type.application</string>
		</dict>
		<key>4EC23AB31A1974F5001F0F48</key>
		<dict>
			<key>explicitFileType</key>
			<string>wrapper.application</string>
			<key>includeInIndex</key>
			<string>0</string>
			<key>isa</key>
			<string>PBXFileReference</string>
			<key>path</key>
			<string>dropApp.app</string>
			<key>sourceTree</key>
			<string>BUILT_PRODUCTS_DIR</string>
		</dict>
		<key>4EC23AB41A1974F5001F0F48</key>
		<dict>
			<key>children</key>
			<array>
				<string>4EC23AB31A1974F5001F0F48</string>
				<string>4EC23ACC1A1974F5001F0F48</string>
			</array>
			<key>isa</key>
			<string>PBXGroup</string>
			<key>name</key>
			<string>Products</string>
			<key>sourceTree</key>
			<string>&lt;group&gt;</string>
		</dict>
		<key>4EC23AB51A1974F5001F0F48</key>
		<dict>
			<key>children</key>
			<array>
				<string>4EC23ABA1A1974F5001F0F48</string>
				<string>4EC23ABB1A1974F5001F0F48</string>
				<string>4EFCA3681A2BFB8700CA7663</string>
				<string>4EFCA3691A2BFB8700CA7663</string>
				<string>4EBE94111A1D49EA008E6F21</string>
				<string>C87FD5F61A1EEAFD00DB247A</string>
				<string>C87FD5F71A1EEAFD00DB247A</string>
				<string>4EBE94121A1D49EA008E6F21</string>
				<string>4EFCA36B1A2BFD8100CA7663</string>
				<string>4EFCA36C1A2BFD8100CA7663</string>
				<string>4E0A9FCE1A1E86A00046B440</string>
				<string>4E0A9FCF1A1E86A00046B440</string>
				<string>4EC23ADE1A197C0A001F0F48</string>
				<string>4EC23ADF1A197C0A001F0F48</string>
				<string>4EC23AE01A197C0A001F0F48</string>
				<string>4EBE941E1A1D5BDE008E6F21</string>
				<string>4EBE941F1A1D5BDE008E6F21</string>
				<string>4EBE94201A1D5BDE008E6F21</string>
				<string>4EFCA34A1A264F0200CA7663</string>
				<string>4EFCA34B1A264F0200CA7663</string>
				<string>4EFCA34C1A264F0200CA7663</string>
				<string>4EFCA3451A22C77A00CA7663</string>
				<string>4EFCA3461A22C77A00CA7663</string>
				<string>4EFCA3471A22C77A00CA7663</string>
				<string>4EFCA35E1A2AB64900CA7663</string>
				<string>4EFCA35F1A2AB64900CA7663</string>
				<string>4EFCA3601A2AB64900CA7663</string>
				<string>4EFCA3631A2BD95300CA7663</string>
				<string>4EFCA3641A2BD95300CA7663</string>
				<string>4EFCA3651A2BD95300CA7663</string>
				<string>4EBE94141A1D4C90008E6F21</string>
				<string>4EBE94151A1D4C90008E6F21</string>
				<string>4EBE94161A1D4C90008E6F21</string>
				<string>4EFCA36E1A2C215A00CA7663</string>
				<string>4EFCA36F1A2C215A00CA7663</string>
				<string>4EFCA3701A2C215A00CA7663</string>
				<string>4EFCA3541A2666C900CA7663</string>
				<string>4EFCA3551A2666C900CA7663</string>
				<string>4EFCA3561A2666C900CA7663</string>
				<string>4EC23AC31A1974F5001F0F48</string>
				<string>4EC23AB61A1974F5001F0F48</string>
			</array>
			<key>isa</key>
			<string>PBXGroup</string>
			<key>path</key>
			<string>dropApp</string>
			<key>sourceTree</key>
			<string>&lt;group&gt;</string>
		</dict>
		<key>4EC23AB61A1974F5001F0F48</key>
		<dict>
			<key>children</key>
			<array>
				<string>4EC23AB71A1974F5001F0F48</string>
				<string>4EC23AB81A1974F5001F0F48</string>
			</array>
			<key>isa</key>
			<string>PBXGroup</string>
			<key>name</key>
			<string>Supporting Files</string>
			<key>sourceTree</key>
			<string>&lt;group&gt;</string>
		</dict>
		<key>4EC23AB71A1974F5001F0F48</key>
		<dict>
			<key>isa</key>
			<string>PBXFileReference</string>
			<key>lastKnownFileType</key>
			<string>text.plist.xml</string>
			<key>path</key>
			<string>Info.plist</string>
			<key>sourceTree</key>
			<string>&lt;group&gt;</string>
		</dict>
		<key>4EC23AB81A1974F5001F0F48</key>
		<dict>
			<key>isa</key>
			<string>PBXFileReference</string>
			<key>lastKnownFileType</key>
			<string>sourcecode.c.objc</string>
			<key>path</key>
			<string>main.m</string>
			<key>sourceTree</key>
			<string>&lt;group&gt;</string>
		</dict>
		<key>4EC23AB91A1974F5001F0F48</key>
		<dict>
			<key>fileRef</key>
			<string>4EC23AB81A1974F5001F0F48</string>
			<key>isa</key>
			<string>PBXBuildFile</string>
		</dict>
		<key>4EC23ABA1A1974F5001F0F48</key>
		<dict>
			<key>isa</key>
			<string>PBXFileReference</string>
			<key>lastKnownFileType</key>
			<string>sourcecode.c.h</string>
			<key>path</key>
			<string>AppDelegate.h</string>
			<key>sourceTree</key>
			<string>&lt;group&gt;</string>
		</dict>
		<key>4EC23ABB1A1974F5001F0F48</key>
		<dict>
			<key>isa</key>
			<string>PBXFileReference</string>
			<key>lastKnownFileType</key>
			<string>sourcecode.c.objc</string>
			<key>path</key>
			<string>AppDelegate.m</string>
			<key>sourceTree</key>
			<string>&lt;group&gt;</string>
		</dict>
		<key>4EC23ABC1A1974F5001F0F48</key>
		<dict>
			<key>fileRef</key>
			<string>4EC23ABB1A1974F5001F0F48</string>
			<key>isa</key>
			<string>PBXBuildFile</string>
		</dict>
		<key>4EC23AC31A1974F5001F0F48</key>
		<dict>
			<key>isa</key>
			<string>PBXFileReference</string>
			<key>lastKnownFileType</key>
			<string>folder.assetcatalog</string>
			<key>path</key>
			<string>Images.xcassets</string>
			<key>sourceTree</key>
			<string>&lt;group&gt;</string>
		</dict>
		<key>4EC23AC41A1974F5001F0F48</key>
		<dict>
			<key>fileRef</key>
			<string>4EC23AC31A1974F5001F0F48</string>
			<key>isa</key>
			<string>PBXBuildFile</string>
		</dict>
		<key>4EC23AC81A1974F5001F0F48</key>
		<dict>
			<key>buildActionMask</key>
			<string>2147483647</string>
			<key>files</key>
			<array>
				<string>4EC23AD31A1974F5001F0F48</string>
			</array>
			<key>isa</key>
			<string>PBXSourcesBuildPhase</string>
			<key>runOnlyForDeploymentPostprocessing</key>
			<string>0</string>
		</dict>
		<key>4EC23AC91A1974F5001F0F48</key>
		<dict>
			<key>buildActionMask</key>
			<string>2147483647</string>
			<key>files</key>
			<array/>
			<key>isa</key>
			<string>PBXFrameworksBuildPhase</string>
			<key>runOnlyForDeploymentPostprocessing</key>
			<string>0</string>
		</dict>
		<key>4EC23ACA1A1974F5001F0F48</key>
		<dict>
			<key>buildActionMask</key>
			<string>2147483647</string>
			<key>files</key>
			<array/>
			<key>isa</key>
			<string>PBXResourcesBuildPhase</string>
			<key>runOnlyForDeploymentPostprocessing</key>
			<string>0</string>
		</dict>
		<key>4EC23ACB1A1974F5001F0F48</key>
		<dict>
			<key>buildConfigurationList</key>
			<string>4EC23AD91A1974F5001F0F48</string>
			<key>buildPhases</key>
			<array>
				<string>4EC23AC81A1974F5001F0F48</string>
				<string>4EC23AC91A1974F5001F0F48</string>
				<string>4EC23ACA1A1974F5001F0F48</string>
			</array>
			<key>buildRules</key>
			<array/>
			<key>dependencies</key>
			<array>
				<string>4EC23ACE1A1974F5001F0F48</string>
			</array>
			<key>isa</key>
			<string>PBXNativeTarget</string>
			<key>name</key>
			<string>dropAppTests</string>
			<key>productName</key>
			<string>dropAppTests</string>
			<key>productReference</key>
			<string>4EC23ACC1A1974F5001F0F48</string>
			<key>productType</key>
			<string>com.apple.product-type.bundle.unit-test</string>
		</dict>
		<key>4EC23ACC1A1974F5001F0F48</key>
		<dict>
			<key>explicitFileType</key>
			<string>wrapper.cfbundle</string>
			<key>includeInIndex</key>
			<string>0</string>
			<key>isa</key>
			<string>PBXFileReference</string>
			<key>path</key>
			<string>dropAppTests.xctest</string>
			<key>sourceTree</key>
			<string>BUILT_PRODUCTS_DIR</string>
		</dict>
		<key>4EC23ACD1A1974F5001F0F48</key>
		<dict>
			<key>containerPortal</key>
			<string>4EC23AAB1A1974F4001F0F48</string>
			<key>isa</key>
			<string>PBXContainerItemProxy</string>
			<key>proxyType</key>
			<string>1</string>
			<key>remoteGlobalIDString</key>
			<string>4EC23AB21A1974F5001F0F48</string>
			<key>remoteInfo</key>
			<string>dropApp</string>
		</dict>
		<key>4EC23ACE1A1974F5001F0F48</key>
		<dict>
			<key>isa</key>
			<string>PBXTargetDependency</string>
			<key>target</key>
			<string>4EC23AB21A1974F5001F0F48</string>
			<key>targetProxy</key>
			<string>4EC23ACD1A1974F5001F0F48</string>
		</dict>
		<key>4EC23ACF1A1974F5001F0F48</key>
		<dict>
			<key>children</key>
			<array>
				<string>4EC23AD21A1974F5001F0F48</string>
				<string>4EC23AD01A1974F5001F0F48</string>
			</array>
			<key>isa</key>
			<string>PBXGroup</string>
			<key>path</key>
			<string>dropAppTests</string>
			<key>sourceTree</key>
			<string>&lt;group&gt;</string>
		</dict>
		<key>4EC23AD01A1974F5001F0F48</key>
		<dict>
			<key>children</key>
			<array>
				<string>4EC23AD11A1974F5001F0F48</string>
			</array>
			<key>isa</key>
			<string>PBXGroup</string>
			<key>name</key>
			<string>Supporting Files</string>
			<key>sourceTree</key>
			<string>&lt;group&gt;</string>
		</dict>
		<key>4EC23AD11A1974F5001F0F48</key>
		<dict>
			<key>isa</key>
			<string>PBXFileReference</string>
			<key>lastKnownFileType</key>
			<string>text.plist.xml</string>
			<key>path</key>
			<string>Info.plist</string>
			<key>sourceTree</key>
			<string>&lt;group&gt;</string>
		</dict>
		<key>4EC23AD21A1974F5001F0F48</key>
		<dict>
			<key>isa</key>
			<string>PBXFileReference</string>
			<key>lastKnownFileType</key>
			<string>sourcecode.c.objc</string>
			<key>path</key>
			<string>dropAppTests.m</string>
			<key>sourceTree</key>
			<string>&lt;group&gt;</string>
		</dict>
		<key>4EC23AD31A1974F5001F0F48</key>
		<dict>
			<key>fileRef</key>
			<string>4EC23AD21A1974F5001F0F48</string>
			<key>isa</key>
			<string>PBXBuildFile</string>
		</dict>
		<key>4EC23AD41A1974F5001F0F48</key>
		<dict>
			<key>buildSettings</key>
			<dict>
				<key>ALWAYS_SEARCH_USER_PATHS</key>
				<string>NO</string>
				<key>CLANG_CXX_LANGUAGE_STANDARD</key>
				<string>gnu++0x</string>
				<key>CLANG_CXX_LIBRARY</key>
				<string>libc++</string>
				<key>CLANG_ENABLE_MODULES</key>
				<string>YES</string>
				<key>CLANG_ENABLE_OBJC_ARC</key>
				<string>YES</string>
				<key>CLANG_WARN_BOOL_CONVERSION</key>
				<string>YES</string>
				<key>CLANG_WARN_CONSTANT_CONVERSION</key>
				<string>YES</string>
				<key>CLANG_WARN_DIRECT_OBJC_ISA_USAGE</key>
				<string>YES_ERROR</string>
				<key>CLANG_WARN_EMPTY_BODY</key>
				<string>YES</string>
				<key>CLANG_WARN_ENUM_CONVERSION</key>
				<string>YES</string>
				<key>CLANG_WARN_INT_CONVERSION</key>
				<string>YES</string>
				<key>CLANG_WARN_OBJC_ROOT_CLASS</key>
				<string>YES_ERROR</string>
				<key>CLANG_WARN_UNREACHABLE_CODE</key>
				<string>YES</string>
				<key>CLANG_WARN__DUPLICATE_METHOD_MATCH</key>
				<string>YES</string>
				<key>CODE_SIGN_IDENTITY[sdk=iphoneos*]</key>
				<string>iPhone Developer</string>
				<key>COPY_PHASE_STRIP</key>
				<string>NO</string>
				<key>ENABLE_STRICT_OBJC_MSGSEND</key>
				<string>YES</string>
				<key>GCC_C_LANGUAGE_STANDARD</key>
				<string>gnu99</string>
				<key>GCC_DYNAMIC_NO_PIC</key>
				<string>NO</string>
				<key>GCC_OPTIMIZATION_LEVEL</key>
				<string>0</string>
				<key>GCC_PREPROCESSOR_DEFINITIONS</key>
				<array>
					<string>DEBUG=1</string>
					<string>$(inherited)</string>
				</array>
				<key>GCC_SYMBOLS_PRIVATE_EXTERN</key>
				<string>NO</string>
				<key>GCC_WARN_64_TO_32_BIT_CONVERSION</key>
				<string>YES</string>
				<key>GCC_WARN_ABOUT_RETURN_TYPE</key>
				<string>YES_ERROR</string>
				<key>GCC_WARN_UNDECLARED_SELECTOR</key>
				<string>YES</string>
				<key>GCC_WARN_UNINITIALIZED_AUTOS</key>
				<string>YES_AGGRESSIVE</string>
				<key>GCC_WARN_UNUSED_FUNCTION</key>
				<string>YES</string>
				<key>GCC_WARN_UNUSED_VARIABLE</key>
				<string>YES</string>
				<key>IPHONEOS_DEPLOYMENT_TARGET</key>
				<string>8.1</string>
				<key>MTL_ENABLE_DEBUG_INFO</key>
				<string>YES</string>
				<key>ONLY_ACTIVE_ARCH</key>
				<string>YES</string>
				<key>SDKROOT</key>
				<string>iphoneos</string>
			</dict>
			<key>isa</key>
			<string>XCBuildConfiguration</string>
			<key>name</key>
			<string>Debug</string>
		</dict>
		<key>4EC23AD51A1974F5001F0F48</key>
		<dict>
			<key>buildSettings</key>
			<dict>
				<key>ALWAYS_SEARCH_USER_PATHS</key>
				<string>NO</string>
				<key>CLANG_CXX_LANGUAGE_STANDARD</key>
				<string>gnu++0x</string>
				<key>CLANG_CXX_LIBRARY</key>
				<string>libc++</string>
				<key>CLANG_ENABLE_MODULES</key>
				<string>YES</string>
				<key>CLANG_ENABLE_OBJC_ARC</key>
				<string>YES</string>
				<key>CLANG_WARN_BOOL_CONVERSION</key>
				<string>YES</string>
				<key>CLANG_WARN_CONSTANT_CONVERSION</key>
				<string>YES</string>
				<key>CLANG_WARN_DIRECT_OBJC_ISA_USAGE</key>
				<string>YES_ERROR</string>
				<key>CLANG_WARN_EMPTY_BODY</key>
				<string>YES</string>
				<key>CLANG_WARN_ENUM_CONVERSION</key>
				<string>YES</string>
				<key>CLANG_WARN_INT_CONVERSION</key>
				<string>YES</string>
				<key>CLANG_WARN_OBJC_ROOT_CLASS</key>
				<string>YES_ERROR</string>
				<key>CLANG_WARN_UNREACHABLE_CODE</key>
				<string>YES</string>
				<key>CLANG_WARN__DUPLICATE_METHOD_MATCH</key>
				<string>YES</string>
				<key>CODE_SIGN_IDENTITY[sdk=iphoneos*]</key>
				<string>iPhone Developer</string>
				<key>COPY_PHASE_STRIP</key>
				<string>YES</string>
				<key>ENABLE_NS_ASSERTIONS</key>
				<string>NO</string>
				<key>ENABLE_STRICT_OBJC_MSGSEND</key>
				<string>YES</string>
				<key>GCC_C_LANGUAGE_STANDARD</key>
				<string>gnu99</string>
				<key>GCC_WARN_64_TO_32_BIT_CONVERSION</key>
				<string>YES</string>
				<key>GCC_WARN_ABOUT_RETURN_TYPE</key>
				<string>YES_ERROR</string>
				<key>GCC_WARN_UNDECLARED_SELECTOR</key>
				<string>YES</string>
				<key>GCC_WARN_UNINITIALIZED_AUTOS</key>
				<string>YES_AGGRESSIVE</string>
				<key>GCC_WARN_UNUSED_FUNCTION</key>
				<string>YES</string>
				<key>GCC_WARN_UNUSED_VARIABLE</key>
				<string>YES</string>
				<key>IPHONEOS_DEPLOYMENT_TARGET</key>
				<string>8.1</string>
				<key>MTL_ENABLE_DEBUG_INFO</key>
				<string>NO</string>
				<key>SDKROOT</key>
				<string>iphoneos</string>
				<key>VALIDATE_PRODUCT</key>
				<string>YES</string>
			</dict>
			<key>isa</key>
			<string>XCBuildConfiguration</string>
			<key>name</key>
			<string>Release</string>
		</dict>
		<key>4EC23AD61A1974F5001F0F48</key>
		<dict>
			<key>buildConfigurations</key>
			<array>
				<string>4EC23AD71A1974F5001F0F48</string>
				<string>4EC23AD81A1974F5001F0F48</string>
			</array>
			<key>defaultConfigurationIsVisible</key>
			<string>0</string>
			<key>defaultConfigurationName</key>
			<string>Release</string>
			<key>isa</key>
			<string>XCConfigurationList</string>
		</dict>
		<key>4EC23AD71A1974F5001F0F48</key>
		<dict>
			<key>baseConfigurationReference</key>
			<string>6756F3D22607CA67D9CDEF16</string>
			<key>buildSettings</key>
			<dict>
				<key>ASSETCATALOG_COMPILER_APPICON_NAME</key>
				<string>AppIcon</string>
				<key>INFOPLIST_FILE</key>
				<string>dropApp/Info.plist</string>
				<key>IPHONEOS_DEPLOYMENT_TARGET</key>
				<string>8.0</string>
				<key>LD_RUNPATH_SEARCH_PATHS</key>
				<string>$(inherited) @executable_path/Frameworks</string>
				<key>PRODUCT_NAME</key>
				<string>$(TARGET_NAME)</string>
				<key>TARGETED_DEVICE_FAMILY</key>
				<string>1</string>
			</dict>
			<key>isa</key>
			<string>XCBuildConfiguration</string>
			<key>name</key>
			<string>Debug</string>
		</dict>
		<key>4EC23AD81A1974F5001F0F48</key>
		<dict>
			<key>baseConfigurationReference</key>
			<string>5E1D5D3844F67151144694E3</string>
			<key>buildSettings</key>
			<dict>
				<key>ASSETCATALOG_COMPILER_APPICON_NAME</key>
				<string>AppIcon</string>
				<key>INFOPLIST_FILE</key>
				<string>dropApp/Info.plist</string>
				<key>IPHONEOS_DEPLOYMENT_TARGET</key>
				<string>8.0</string>
				<key>LD_RUNPATH_SEARCH_PATHS</key>
				<string>$(inherited) @executable_path/Frameworks</string>
				<key>PRODUCT_NAME</key>
				<string>$(TARGET_NAME)</string>
				<key>TARGETED_DEVICE_FAMILY</key>
				<string>1</string>
			</dict>
			<key>isa</key>
			<string>XCBuildConfiguration</string>
			<key>name</key>
			<string>Release</string>
		</dict>
		<key>4EC23AD91A1974F5001F0F48</key>
		<dict>
			<key>buildConfigurations</key>
			<array>
				<string>4EC23ADA1A1974F5001F0F48</string>
				<string>4EC23ADB1A1974F5001F0F48</string>
			</array>
			<key>defaultConfigurationIsVisible</key>
			<string>0</string>
			<key>defaultConfigurationName</key>
			<string>Release</string>
			<key>isa</key>
			<string>XCConfigurationList</string>
		</dict>
		<key>4EC23ADA1A1974F5001F0F48</key>
		<dict>
			<key>buildSettings</key>
			<dict>
				<key>BUNDLE_LOADER</key>
				<string>$(TEST_HOST)</string>
				<key>FRAMEWORK_SEARCH_PATHS</key>
				<array>
					<string>$(SDKROOT)/Developer/Library/Frameworks</string>
					<string>$(inherited)</string>
				</array>
				<key>GCC_PREPROCESSOR_DEFINITIONS</key>
				<array>
					<string>DEBUG=1</string>
					<string>$(inherited)</string>
				</array>
				<key>INFOPLIST_FILE</key>
				<string>dropAppTests/Info.plist</string>
				<key>IPHONEOS_DEPLOYMENT_TARGET</key>
				<string>6.0</string>
				<key>LD_RUNPATH_SEARCH_PATHS</key>
				<string>$(inherited) @executable_path/Frameworks @loader_path/Frameworks</string>
				<key>PRODUCT_NAME</key>
				<string>$(TARGET_NAME)</string>
				<key>TEST_HOST</key>
				<string>$(BUILT_PRODUCTS_DIR)/dropApp.app/dropApp</string>
			</dict>
			<key>isa</key>
			<string>XCBuildConfiguration</string>
			<key>name</key>
			<string>Debug</string>
		</dict>
		<key>4EC23ADB1A1974F5001F0F48</key>
		<dict>
			<key>buildSettings</key>
			<dict>
				<key>BUNDLE_LOADER</key>
				<string>$(TEST_HOST)</string>
				<key>FRAMEWORK_SEARCH_PATHS</key>
				<array>
					<string>$(SDKROOT)/Developer/Library/Frameworks</string>
					<string>$(inherited)</string>
				</array>
				<key>INFOPLIST_FILE</key>
				<string>dropAppTests/Info.plist</string>
				<key>IPHONEOS_DEPLOYMENT_TARGET</key>
				<string>6.0</string>
				<key>LD_RUNPATH_SEARCH_PATHS</key>
				<string>$(inherited) @executable_path/Frameworks @loader_path/Frameworks</string>
				<key>PRODUCT_NAME</key>
				<string>$(TARGET_NAME)</string>
				<key>TEST_HOST</key>
				<string>$(BUILT_PRODUCTS_DIR)/dropApp.app/dropApp</string>
			</dict>
			<key>isa</key>
			<string>XCBuildConfiguration</string>
			<key>name</key>
			<string>Release</string>
		</dict>
		<key>4EC23ADC1A19764E001F0F48</key>
		<dict>
			<key>isa</key>
			<string>PBXFileReference</string>
			<key>lastKnownFileType</key>
			<string>image.png</string>
			<key>path</key>
			<string>Default-568h@2x.png</string>
			<key>sourceTree</key>
			<string>&lt;group&gt;</string>
		</dict>
		<key>4EC23ADD1A19764E001F0F48</key>
		<dict>
			<key>fileRef</key>
			<string>4EC23ADC1A19764E001F0F48</string>
			<key>isa</key>
			<string>PBXBuildFile</string>
		</dict>
		<key>4EC23ADE1A197C0A001F0F48</key>
		<dict>
			<key>fileEncoding</key>
			<string>4</string>
			<key>isa</key>
			<string>PBXFileReference</string>
			<key>lastKnownFileType</key>
			<string>sourcecode.c.h</string>
			<key>name</key>
			<string>LoginController.h</string>
			<key>path</key>
			<string>../LoginController.h</string>
			<key>sourceTree</key>
			<string>&lt;group&gt;</string>
		</dict>
		<key>4EC23ADF1A197C0A001F0F48</key>
		<dict>
			<key>fileEncoding</key>
			<string>4</string>
			<key>isa</key>
			<string>PBXFileReference</string>
			<key>lastKnownFileType</key>
			<string>sourcecode.c.objc</string>
			<key>name</key>
			<string>LoginController.m</string>
			<key>path</key>
			<string>../LoginController.m</string>
			<key>sourceTree</key>
			<string>&lt;group&gt;</string>
		</dict>
		<key>4EC23AE01A197C0A001F0F48</key>
		<dict>
			<key>fileEncoding</key>
			<string>4</string>
			<key>isa</key>
			<string>PBXFileReference</string>
			<key>lastKnownFileType</key>
			<string>file.xib</string>
			<key>name</key>
			<string>LoginController.xib</string>
			<key>path</key>
			<string>../LoginController.xib</string>
			<key>sourceTree</key>
			<string>&lt;group&gt;</string>
		</dict>
		<key>4EC23AE11A197C0A001F0F48</key>
		<dict>
			<key>fileRef</key>
			<string>4EC23ADF1A197C0A001F0F48</string>
			<key>isa</key>
			<string>PBXBuildFile</string>
		</dict>
		<key>4EC23AE21A197C0A001F0F48</key>
		<dict>
			<key>fileRef</key>
			<string>4EC23AE01A197C0A001F0F48</string>
			<key>isa</key>
			<string>PBXBuildFile</string>
		</dict>
		<key>4EFCA3451A22C77A00CA7663</key>
		<dict>
			<key>fileEncoding</key>
			<string>4</string>
			<key>isa</key>
			<string>PBXFileReference</string>
			<key>lastKnownFileType</key>
			<string>sourcecode.c.h</string>
			<key>path</key>
			<string>UserTasksController.h</string>
			<key>sourceTree</key>
			<string>&lt;group&gt;</string>
		</dict>
		<key>4EFCA3461A22C77A00CA7663</key>
		<dict>
			<key>fileEncoding</key>
			<string>4</string>
			<key>isa</key>
			<string>PBXFileReference</string>
			<key>lastKnownFileType</key>
			<string>sourcecode.c.objc</string>
			<key>path</key>
			<string>UserTasksController.m</string>
			<key>sourceTree</key>
			<string>&lt;group&gt;</string>
		</dict>
		<key>4EFCA3471A22C77A00CA7663</key>
		<dict>
			<key>fileEncoding</key>
			<string>4</string>
			<key>isa</key>
			<string>PBXFileReference</string>
			<key>lastKnownFileType</key>
			<string>file.xib</string>
			<key>path</key>
			<string>UserTasksController.xib</string>
			<key>sourceTree</key>
			<string>&lt;group&gt;</string>
		</dict>
		<key>4EFCA3481A22C77A00CA7663</key>
		<dict>
			<key>fileRef</key>
			<string>4EFCA3461A22C77A00CA7663</string>
			<key>isa</key>
			<string>PBXBuildFile</string>
		</dict>
		<key>4EFCA3491A22C77A00CA7663</key>
		<dict>
			<key>fileRef</key>
			<string>4EFCA3471A22C77A00CA7663</string>
			<key>isa</key>
			<string>PBXBuildFile</string>
		</dict>
		<key>4EFCA34A1A264F0200CA7663</key>
		<dict>
			<key>fileEncoding</key>
			<string>4</string>
			<key>isa</key>
			<string>PBXFileReference</string>
			<key>lastKnownFileType</key>
			<string>sourcecode.c.h</string>
			<key>path</key>
			<string>TaskDatabaseController.h</string>
			<key>sourceTree</key>
			<string>&lt;group&gt;</string>
		</dict>
		<key>4EFCA34B1A264F0200CA7663</key>
		<dict>
			<key>fileEncoding</key>
			<string>4</string>
			<key>isa</key>
			<string>PBXFileReference</string>
			<key>lastKnownFileType</key>
			<string>sourcecode.c.objc</string>
			<key>path</key>
			<string>TaskDatabaseController.m</string>
			<key>sourceTree</key>
			<string>&lt;group&gt;</string>
		</dict>
		<key>4EFCA34C1A264F0200CA7663</key>
		<dict>
			<key>fileEncoding</key>
			<string>4</string>
			<key>isa</key>
			<string>PBXFileReference</string>
			<key>lastKnownFileType</key>
			<string>file.xib</string>
			<key>path</key>
			<string>TaskDatabaseController.xib</string>
			<key>sourceTree</key>
			<string>&lt;group&gt;</string>
		</dict>
		<key>4EFCA34D1A264F0200CA7663</key>
		<dict>
			<key>fileRef</key>
			<string>4EFCA34B1A264F0200CA7663</string>
			<key>isa</key>
			<string>PBXBuildFile</string>
		</dict>
		<key>4EFCA34E1A264F0200CA7663</key>
		<dict>
			<key>fileRef</key>
			<string>4EFCA34C1A264F0200CA7663</string>
			<key>isa</key>
			<string>PBXBuildFile</string>
		</dict>
		<key>4EFCA3541A2666C900CA7663</key>
		<dict>
			<key>fileEncoding</key>
			<string>4</string>
			<key>isa</key>
			<string>PBXFileReference</string>
			<key>lastKnownFileType</key>
			<string>sourcecode.c.h</string>
			<key>path</key>
			<string>TaskCell.h</string>
			<key>sourceTree</key>
			<string>&lt;group&gt;</string>
		</dict>
		<key>4EFCA3551A2666C900CA7663</key>
		<dict>
			<key>fileEncoding</key>
			<string>4</string>
			<key>isa</key>
			<string>PBXFileReference</string>
			<key>lastKnownFileType</key>
			<string>sourcecode.c.objc</string>
			<key>path</key>
			<string>TaskCell.m</string>
			<key>sourceTree</key>
			<string>&lt;group&gt;</string>
		</dict>
		<key>4EFCA3561A2666C900CA7663</key>
		<dict>
			<key>fileEncoding</key>
			<string>4</string>
			<key>isa</key>
			<string>PBXFileReference</string>
			<key>lastKnownFileType</key>
			<string>file.xib</string>
			<key>path</key>
			<string>TaskCell.xib</string>
			<key>sourceTree</key>
			<string>&lt;group&gt;</string>
		</dict>
		<key>4EFCA3571A2666C900CA7663</key>
		<dict>
			<key>fileRef</key>
			<string>4EFCA3551A2666C900CA7663</string>
			<key>isa</key>
			<string>PBXBuildFile</string>
		</dict>
		<key>4EFCA3581A2666C900CA7663</key>
		<dict>
			<key>fileRef</key>
			<string>4EFCA3561A2666C900CA7663</string>
			<key>isa</key>
			<string>PBXBuildFile</string>
		</dict>
		<key>4EFCA35E1A2AB64900CA7663</key>
		<dict>
			<key>fileEncoding</key>
			<string>4</string>
			<key>isa</key>
			<string>PBXFileReference</string>
			<key>lastKnownFileType</key>
			<string>sourcecode.c.h</string>
			<key>path</key>
			<string>CompletedTasksController.h</string>
			<key>sourceTree</key>
			<string>&lt;group&gt;</string>
		</dict>
		<key>4EFCA35F1A2AB64900CA7663</key>
		<dict>
			<key>fileEncoding</key>
			<string>4</string>
			<key>isa</key>
			<string>PBXFileReference</string>
			<key>lastKnownFileType</key>
			<string>sourcecode.c.objc</string>
			<key>path</key>
			<string>CompletedTasksController.m</string>
			<key>sourceTree</key>
			<string>&lt;group&gt;</string>
		</dict>
		<key>4EFCA3601A2AB64900CA7663</key>
		<dict>
			<key>fileEncoding</key>
			<string>4</string>
			<key>isa</key>
			<string>PBXFileReference</string>
			<key>lastKnownFileType</key>
			<string>file.xib</string>
			<key>path</key>
			<string>CompletedTasksController.xib</string>
			<key>sourceTree</key>
			<string>&lt;group&gt;</string>
		</dict>
		<key>4EFCA3611A2AB64900CA7663</key>
		<dict>
			<key>fileRef</key>
			<string>4EFCA35F1A2AB64900CA7663</string>
			<key>isa</key>
			<string>PBXBuildFile</string>
		</dict>
		<key>4EFCA3621A2AB64900CA7663</key>
		<dict>
			<key>fileRef</key>
			<string>4EFCA3601A2AB64900CA7663</string>
			<key>isa</key>
			<string>PBXBuildFile</string>
		</dict>
		<key>4EFCA3631A2BD95300CA7663</key>
		<dict>
			<key>fileEncoding</key>
			<string>4</string>
			<key>isa</key>
			<string>PBXFileReference</string>
			<key>lastKnownFileType</key>
			<string>sourcecode.c.h</string>
			<key>path</key>
			<string>CompletedTaskCell.h</string>
			<key>sourceTree</key>
			<string>&lt;group&gt;</string>
		</dict>
		<key>4EFCA3641A2BD95300CA7663</key>
		<dict>
			<key>fileEncoding</key>
			<string>4</string>
			<key>isa</key>
			<string>PBXFileReference</string>
			<key>lastKnownFileType</key>
			<string>sourcecode.c.objc</string>
			<key>path</key>
			<string>CompletedTaskCell.m</string>
			<key>sourceTree</key>
			<string>&lt;group&gt;</string>
		</dict>
		<key>4EFCA3651A2BD95300CA7663</key>
		<dict>
			<key>fileEncoding</key>
			<string>4</string>
			<key>isa</key>
			<string>PBXFileReference</string>
			<key>lastKnownFileType</key>
			<string>file.xib</string>
			<key>path</key>
			<string>CompletedTaskCell.xib</string>
			<key>sourceTree</key>
			<string>&lt;group&gt;</string>
		</dict>
		<key>4EFCA3661A2BD95300CA7663</key>
		<dict>
			<key>fileRef</key>
			<string>4EFCA3641A2BD95300CA7663</string>
			<key>isa</key>
			<string>PBXBuildFile</string>
		</dict>
		<key>4EFCA3671A2BD95300CA7663</key>
		<dict>
			<key>fileRef</key>
			<string>4EFCA3651A2BD95300CA7663</string>
			<key>isa</key>
			<string>PBXBuildFile</string>
		</dict>
		<key>4EFCA3681A2BFB8700CA7663</key>
		<dict>
			<key>fileEncoding</key>
			<string>4</string>
			<key>isa</key>
			<string>PBXFileReference</string>
			<key>lastKnownFileType</key>
			<string>sourcecode.c.h</string>
			<key>path</key>
			<string>TaskDatabase.h</string>
			<key>sourceTree</key>
			<string>&lt;group&gt;</string>
		</dict>
		<key>4EFCA3691A2BFB8700CA7663</key>
		<dict>
			<key>fileEncoding</key>
			<string>4</string>
			<key>isa</key>
			<string>PBXFileReference</string>
			<key>lastKnownFileType</key>
			<string>sourcecode.c.objc</string>
			<key>path</key>
			<string>TaskDatabase.m</string>
			<key>sourceTree</key>
			<string>&lt;group&gt;</string>
		</dict>
		<key>4EFCA36A1A2BFB8700CA7663</key>
		<dict>
			<key>fileRef</key>
			<string>4EFCA3691A2BFB8700CA7663</string>
			<key>isa</key>
			<string>PBXBuildFile</string>
		</dict>
		<key>4EFCA36B1A2BFD8100CA7663</key>
		<dict>
			<key>fileEncoding</key>
			<string>4</string>
			<key>isa</key>
			<string>PBXFileReference</string>
			<key>lastKnownFileType</key>
			<string>sourcecode.c.h</string>
			<key>path</key>
			<string>UserDatabase.h</string>
			<key>sourceTree</key>
			<string>&lt;group&gt;</string>
		</dict>
		<key>4EFCA36C1A2BFD8100CA7663</key>
		<dict>
			<key>fileEncoding</key>
			<string>4</string>
			<key>isa</key>
			<string>PBXFileReference</string>
			<key>lastKnownFileType</key>
			<string>sourcecode.c.objc</string>
			<key>path</key>
			<string>UserDatabase.m</string>
			<key>sourceTree</key>
			<string>&lt;group&gt;</string>
		</dict>
		<key>4EFCA36D1A2BFD8100CA7663</key>
		<dict>
			<key>fileRef</key>
			<string>4EFCA36C1A2BFD8100CA7663</string>
			<key>isa</key>
			<string>PBXBuildFile</string>
		</dict>
		<key>4EFCA36E1A2C215A00CA7663</key>
		<dict>
			<key>fileEncoding</key>
			<string>4</string>
			<key>isa</key>
			<string>PBXFileReference</string>
			<key>lastKnownFileType</key>
			<string>sourcecode.c.h</string>
			<key>path</key>
			<string>UserActionCell.h</string>
			<key>sourceTree</key>
			<string>&lt;group&gt;</string>
		</dict>
		<key>4EFCA36F1A2C215A00CA7663</key>
		<dict>
			<key>fileEncoding</key>
			<string>4</string>
			<key>isa</key>
			<string>PBXFileReference</string>
			<key>lastKnownFileType</key>
			<string>sourcecode.c.objc</string>
			<key>path</key>
			<string>UserActionCell.m</string>
			<key>sourceTree</key>
			<string>&lt;group&gt;</string>
		</dict>
		<key>4EFCA3701A2C215A00CA7663</key>
		<dict>
			<key>fileEncoding</key>
			<string>4</string>
			<key>isa</key>
			<string>PBXFileReference</string>
			<key>lastKnownFileType</key>
			<string>file.xib</string>
			<key>path</key>
			<string>UserActionCell.xib</string>
			<key>sourceTree</key>
			<string>&lt;group&gt;</string>
		</dict>
		<key>4EFCA3711A2C215A00CA7663</key>
		<dict>
			<key>fileRef</key>
			<string>4EFCA36F1A2C215A00CA7663</string>
			<key>isa</key>
			<string>PBXBuildFile</string>
		</dict>
		<key>4EFCA3721A2C215A00CA7663</key>
		<dict>
			<key>fileRef</key>
			<string>4EFCA3701A2C215A00CA7663</string>
			<key>isa</key>
			<string>PBXBuildFile</string>
		</dict>
		<key>5319033A95AF4CC378E65447</key>
		<dict>
			<key>children</key>
			<array>
				<string>6AAB71C2E761477FD2BBE96E</string>
			</array>
			<key>isa</key>
			<string>PBXGroup</string>
			<key>name</key>
			<string>Frameworks</string>
			<key>sourceTree</key>
			<string>&lt;group&gt;</string>
		</dict>
		<key>5E1D5D3844F67151144694E3</key>
		<dict>
			<key>includeInIndex</key>
			<string>1</string>
			<key>isa</key>
			<string>PBXFileReference</string>
			<key>lastKnownFileType</key>
			<string>text.xcconfig</string>
			<key>name</key>
			<string>Pods.release.xcconfig</string>
			<key>path</key>
			<string>Pods/Target Support Files/Pods/Pods.release.xcconfig</string>
			<key>sourceTree</key>
			<string>&lt;group&gt;</string>
		</dict>
		<key>6756F3D22607CA67D9CDEF16</key>
		<dict>
			<key>includeInIndex</key>
			<string>1</string>
			<key>isa</key>
			<string>PBXFileReference</string>
			<key>lastKnownFileType</key>
			<string>text.xcconfig</string>
			<key>name</key>
			<string>Pods.debug.xcconfig</string>
			<key>path</key>
			<string>Pods/Target Support Files/Pods/Pods.debug.xcconfig</string>
			<key>sourceTree</key>
			<string>&lt;group&gt;</string>
		</dict>
		<key>6AAB71C2E761477FD2BBE96E</key>
		<dict>
			<key>explicitFileType</key>
			<string>archive.ar</string>
			<key>includeInIndex</key>
			<string>0</string>
			<key>isa</key>
			<string>PBXFileReference</string>
			<key>path</key>
			<string>libPods.a</string>
			<key>sourceTree</key>
			<string>BUILT_PRODUCTS_DIR</string>
		</dict>
		<key>C87FD5F61A1EEAFD00DB247A</key>
		<dict>
			<key>fileEncoding</key>
			<string>4</string>
			<key>isa</key>
			<string>PBXFileReference</string>
			<key>lastKnownFileType</key>
			<string>sourcecode.c.h</string>
			<key>path</key>
			<string>Initializer Data.h</string>
			<key>sourceTree</key>
			<string>&lt;group&gt;</string>
		</dict>
		<key>C87FD5F71A1EEAFD00DB247A</key>
		<dict>
			<key>fileEncoding</key>
			<string>4</string>
			<key>isa</key>
			<string>PBXFileReference</string>
			<key>lastKnownFileType</key>
			<string>sourcecode.c.objc</string>
			<key>path</key>
			<string>Initializer Data.m</string>
			<key>sourceTree</key>
			<string>&lt;group&gt;</string>
		</dict>
		<key>EAA0F9C11D2816E2D150B7F4</key>
		<dict>
			<key>buildActionMask</key>
			<string>2147483647</string>
			<key>files</key>
			<array/>
			<key>inputPaths</key>
			<array/>
			<key>isa</key>
			<string>PBXShellScriptBuildPhase</string>
			<key>name</key>
			<string>Check Pods Manifest.lock</string>
			<key>outputPaths</key>
			<array/>
			<key>runOnlyForDeploymentPostprocessing</key>
			<string>0</string>
			<key>shellPath</key>
			<string>/bin/sh</string>
			<key>shellScript</key>
			<string>diff "${PODS_ROOT}/../Podfile.lock" "${PODS_ROOT}/Manifest.lock" &gt; /dev/null
if [[ $? != 0 ]] ; then
    cat &lt;&lt; EOM
error: The sandbox is not in sync with the Podfile.lock. Run 'pod install' or update your CocoaPods installation.
EOM
    exit 1
fi
</string>
			<key>showEnvVarsInLog</key>
			<string>0</string>
		</dict>
	</dict>
	<key>rootObject</key>
	<string>4EC23AAB1A1974F4001F0F48</string>
</dict>
</plist>
